// !$*UTF8*$!
{
	archiveVersion = 1;
	classes = {
	};
	objectVersion = 56;
	objects = {

/* Begin PBXBuildFile section */
		B06936112BF86FA100BDC7A5 /* AppDelegate.swift in Sources */ = {isa = PBXBuildFile; fileRef = B06936102BF86FA100BDC7A5 /* AppDelegate.swift */; };
		B06936152BF86FA100BDC7A5 /* ViewController.swift in Sources */ = {isa = PBXBuildFile; fileRef = B06936142BF86FA100BDC7A5 /* ViewController.swift */; };
		B069361A2BF86FA200BDC7A5 /* Assets.xcassets in Resources */ = {isa = PBXBuildFile; fileRef = B06936192BF86FA200BDC7A5 /* Assets.xcassets */; };
		B069361D2BF86FA200BDC7A5 /* LaunchScreen.storyboard in Resources */ = {isa = PBXBuildFile; fileRef = B069361B2BF86FA200BDC7A5 /* LaunchScreen.storyboard */; };
		B06936262BF8711200BDC7A5 /* SnapKit in Frameworks */ = {isa = PBXBuildFile; productRef = B06936252BF8711200BDC7A5 /* SnapKit */; };
		B069362A2BF8809D00BDC7A5 /* MainTabBarController.swift in Sources */ = {isa = PBXBuildFile; fileRef = B06936292BF8809D00BDC7A5 /* MainTabBarController.swift */; };
		B069362C2BF8825700BDC7A5 /* ViewController2.swift in Sources */ = {isa = PBXBuildFile; fileRef = B069362B2BF8825700BDC7A5 /* ViewController2.swift */; };
		B069362E2BF8849700BDC7A5 /* ViewController3.swift in Sources */ = {isa = PBXBuildFile; fileRef = B069362D2BF8849700BDC7A5 /* ViewController3.swift */; };
		B0C03B132BFBAE6E00459F9B /* GoogleService-Info.plist in Resources */ = {isa = PBXBuildFile; fileRef = B0C03B122BFBAE6E00459F9B /* GoogleService-Info.plist */; };
		B0C03B162BFBAEBF00459F9B /* FirebaseAnalytics in Frameworks */ = {isa = PBXBuildFile; productRef = B0C03B152BFBAEBF00459F9B /* FirebaseAnalytics */; };
		B0C03B182BFBAEBF00459F9B /* FirebaseAnalyticsOnDeviceConversion in Frameworks */ = {isa = PBXBuildFile; productRef = B0C03B172BFBAEBF00459F9B /* FirebaseAnalyticsOnDeviceConversion */; };
		B0C03B1A2BFBAEBF00459F9B /* FirebaseAnalyticsSwift in Frameworks */ = {isa = PBXBuildFile; productRef = B0C03B192BFBAEBF00459F9B /* FirebaseAnalyticsSwift */; };
		B0C03B1C2BFBAEBF00459F9B /* FirebaseAnalyticsWithoutAdIdSupport in Frameworks */ = {isa = PBXBuildFile; productRef = B0C03B1B2BFBAEBF00459F9B /* FirebaseAnalyticsWithoutAdIdSupport */; };
		B0C03B1E2BFBAEBF00459F9B /* FirebaseAppCheck in Frameworks */ = {isa = PBXBuildFile; productRef = B0C03B1D2BFBAEBF00459F9B /* FirebaseAppCheck */; };
		B0C03B402BFE353A00459F9B /* BottonSheetViewController.swift in Sources */ = {isa = PBXBuildFile; fileRef = B0C03B3F2BFE353A00459F9B /* BottonSheetViewController.swift */; };
		B0C03B422BFE492F00459F9B /* CollectionViewCell.swift in Sources */ = {isa = PBXBuildFile; fileRef = B0C03B412BFE492F00459F9B /* CollectionViewCell.swift */; };
/* End PBXBuildFile section */

/* Begin PBXFileReference section */
		B069360D2BF86FA100BDC7A5 /* UserDefaultsShowCase.app */ = {isa = PBXFileReference; explicitFileType = wrapper.application; includeInIndex = 0; path = UserDefaultsShowCase.app; sourceTree = BUILT_PRODUCTS_DIR; };
		B06936102BF86FA100BDC7A5 /* AppDelegate.swift */ = {isa = PBXFileReference; lastKnownFileType = sourcecode.swift; path = AppDelegate.swift; sourceTree = "<group>"; };
		B06936142BF86FA100BDC7A5 /* ViewController.swift */ = {isa = PBXFileReference; lastKnownFileType = sourcecode.swift; path = ViewController.swift; sourceTree = "<group>"; };
		B06936192BF86FA200BDC7A5 /* Assets.xcassets */ = {isa = PBXFileReference; lastKnownFileType = folder.assetcatalog; path = Assets.xcassets; sourceTree = "<group>"; };
		B069361C2BF86FA200BDC7A5 /* Base */ = {isa = PBXFileReference; lastKnownFileType = file.storyboard; name = Base; path = Base.lproj/LaunchScreen.storyboard; sourceTree = "<group>"; };
		B069361E2BF86FA200BDC7A5 /* Info.plist */ = {isa = PBXFileReference; lastKnownFileType = text.plist.xml; path = Info.plist; sourceTree = "<group>"; };
		B06936292BF8809D00BDC7A5 /* MainTabBarController.swift */ = {isa = PBXFileReference; lastKnownFileType = sourcecode.swift; path = MainTabBarController.swift; sourceTree = "<group>"; };
		B069362B2BF8825700BDC7A5 /* ViewController2.swift */ = {isa = PBXFileReference; lastKnownFileType = sourcecode.swift; path = ViewController2.swift; sourceTree = "<group>"; };
		B069362D2BF8849700BDC7A5 /* ViewController3.swift */ = {isa = PBXFileReference; lastKnownFileType = sourcecode.swift; path = ViewController3.swift; sourceTree = "<group>"; };
		B0C03B122BFBAE6E00459F9B /* GoogleService-Info.plist */ = {isa = PBXFileReference; fileEncoding = 4; lastKnownFileType = text.plist.xml; path = "GoogleService-Info.plist"; sourceTree = "<group>"; };
		B0C03B3F2BFE353A00459F9B /* BottonSheetViewController.swift */ = {isa = PBXFileReference; lastKnownFileType = sourcecode.swift; path = BottonSheetViewController.swift; sourceTree = "<group>"; };
		B0C03B412BFE492F00459F9B /* CollectionViewCell.swift */ = {isa = PBXFileReference; lastKnownFileType = sourcecode.swift; path = CollectionViewCell.swift; sourceTree = "<group>"; };
/* End PBXFileReference section */

/* Begin PBXFrameworksBuildPhase section */
		B069360A2BF86FA100BDC7A5 /* Frameworks */ = {
			isa = PBXFrameworksBuildPhase;
			buildActionMask = 2147483647;
			files = (
				B0C03B1A2BFBAEBF00459F9B /* FirebaseAnalyticsSwift in Frameworks */,
				B0C03B1C2BFBAEBF00459F9B /* FirebaseAnalyticsWithoutAdIdSupport in Frameworks */,
				B0C03B162BFBAEBF00459F9B /* FirebaseAnalytics in Frameworks */,
				B0C03B182BFBAEBF00459F9B /* FirebaseAnalyticsOnDeviceConversion in Frameworks */,
				B0C03B1E2BFBAEBF00459F9B /* FirebaseAppCheck in Frameworks */,
				B06936262BF8711200BDC7A5 /* SnapKit in Frameworks */,
			);
			runOnlyForDeploymentPostprocessing = 0;
		};
/* End PBXFrameworksBuildPhase section */

/* Begin PBXGroup section */
		B06936042BF86FA000BDC7A5 = {
			isa = PBXGroup;
			children = (
				B069360F2BF86FA100BDC7A5 /* UserDefaultsShowCase */,
				B069360E2BF86FA100BDC7A5 /* Products */,
			);
			sourceTree = "<group>";
		};
		B069360E2BF86FA100BDC7A5 /* Products */ = {
			isa = PBXGroup;
			children = (
				B069360D2BF86FA100BDC7A5 /* UserDefaultsShowCase.app */,
			);
			name = Products;
			sourceTree = "<group>";
		};
		B069360F2BF86FA100BDC7A5 /* UserDefaultsShowCase */ = {
			isa = PBXGroup;
			children = (
				B06936102BF86FA100BDC7A5 /* AppDelegate.swift */,
				B06936142BF86FA100BDC7A5 /* ViewController.swift */,
				B069362B2BF8825700BDC7A5 /* ViewController2.swift */,
				B069362D2BF8849700BDC7A5 /* ViewController3.swift */,
				B0C03B412BFE492F00459F9B /* CollectionViewCell.swift */,
				B0C03B3F2BFE353A00459F9B /* BottonSheetViewController.swift */,
				B06936292BF8809D00BDC7A5 /* MainTabBarController.swift */,
				B06936192BF86FA200BDC7A5 /* Assets.xcassets */,
				B069361B2BF86FA200BDC7A5 /* LaunchScreen.storyboard */,
				B069361E2BF86FA200BDC7A5 /* Info.plist */,
				B0C03B122BFBAE6E00459F9B /* GoogleService-Info.plist */,
			);
			path = UserDefaultsShowCase;
			sourceTree = "<group>";
		};
/* End PBXGroup section */

/* Begin PBXNativeTarget section */
		B069360C2BF86FA100BDC7A5 /* UserDefaultsShowCase */ = {
			isa = PBXNativeTarget;
			buildConfigurationList = B06936212BF86FA200BDC7A5 /* Build configuration list for PBXNativeTarget "UserDefaultsShowCase" */;
			buildPhases = (
				B06936092BF86FA100BDC7A5 /* Sources */,
				B069360A2BF86FA100BDC7A5 /* Frameworks */,
				B069360B2BF86FA100BDC7A5 /* Resources */,
			);
			buildRules = (
			);
			dependencies = (
			);
			name = UserDefaultsShowCase;
			packageProductDependencies = (
				B06936252BF8711200BDC7A5 /* SnapKit */,
				B0C03B152BFBAEBF00459F9B /* FirebaseAnalytics */,
				B0C03B172BFBAEBF00459F9B /* FirebaseAnalyticsOnDeviceConversion */,
				B0C03B192BFBAEBF00459F9B /* FirebaseAnalyticsSwift */,
				B0C03B1B2BFBAEBF00459F9B /* FirebaseAnalyticsWithoutAdIdSupport */,
				B0C03B1D2BFBAEBF00459F9B /* FirebaseAppCheck */,
			);
			productName = UserDefaultsShowCase;
			productReference = B069360D2BF86FA100BDC7A5 /* UserDefaultsShowCase.app */;
			productType = "com.apple.product-type.application";
		};
/* End PBXNativeTarget section */

/* Begin PBXProject section */
		B06936052BF86FA100BDC7A5 /* Project object */ = {
			isa = PBXProject;
			attributes = {
				BuildIndependentTargetsInParallel = 1;
				LastSwiftUpdateCheck = 1500;
				LastUpgradeCheck = 1500;
				TargetAttributes = {
					B069360C2BF86FA100BDC7A5 = {
						CreatedOnToolsVersion = 15.0;
					};
				};
			};
			buildConfigurationList = B06936082BF86FA100BDC7A5 /* Build configuration list for PBXProject "UserDefaultsShowCase" */;
			compatibilityVersion = "Xcode 14.0";
			developmentRegion = en;
			hasScannedForEncodings = 0;
			knownRegions = (
				en,
				Base,
			);
			mainGroup = B06936042BF86FA000BDC7A5;
			packageReferences = (
				B06936242BF8711200BDC7A5 /* XCRemoteSwiftPackageReference "SnapKit" */,
				B0C03B142BFBAEBF00459F9B /* XCRemoteSwiftPackageReference "firebase-ios-sdk" */,
			);
			productRefGroup = B069360E2BF86FA100BDC7A5 /* Products */;
			projectDirPath = "";
			projectRoot = "";
			targets = (
				B069360C2BF86FA100BDC7A5 /* UserDefaultsShowCase */,
			);
		};
/* End PBXProject section */

/* Begin PBXResourcesBuildPhase section */
		B069360B2BF86FA100BDC7A5 /* Resources */ = {
			isa = PBXResourcesBuildPhase;
			buildActionMask = 2147483647;
			files = (
				B069361D2BF86FA200BDC7A5 /* LaunchScreen.storyboard in Resources */,
				B0C03B132BFBAE6E00459F9B /* GoogleService-Info.plist in Resources */,
				B069361A2BF86FA200BDC7A5 /* Assets.xcassets in Resources */,
			);
			runOnlyForDeploymentPostprocessing = 0;
		};
/* End PBXResourcesBuildPhase section */

/* Begin PBXSourcesBuildPhase section */
		B06936092BF86FA100BDC7A5 /* Sources */ = {
			isa = PBXSourcesBuildPhase;
			buildActionMask = 2147483647;
			files = (
				B0C03B402BFE353A00459F9B /* BottonSheetViewController.swift in Sources */,
				B069362E2BF8849700BDC7A5 /* ViewController3.swift in Sources */,
				B06936152BF86FA100BDC7A5 /* ViewController.swift in Sources */,
				B0C03B422BFE492F00459F9B /* CollectionViewCell.swift in Sources */,
				B069362C2BF8825700BDC7A5 /* ViewController2.swift in Sources */,
				B06936112BF86FA100BDC7A5 /* AppDelegate.swift in Sources */,
				B069362A2BF8809D00BDC7A5 /* MainTabBarController.swift in Sources */,
			);
			runOnlyForDeploymentPostprocessing = 0;
		};
/* End PBXSourcesBuildPhase section */

/* Begin PBXVariantGroup section */
		B069361B2BF86FA200BDC7A5 /* LaunchScreen.storyboard */ = {
			isa = PBXVariantGroup;
			children = (
				B069361C2BF86FA200BDC7A5 /* Base */,
			);
			name = LaunchScreen.storyboard;
			sourceTree = "<group>";
		};
/* End PBXVariantGroup section */

/* Begin XCBuildConfiguration section */
		B069361F2BF86FA200BDC7A5 /* Debug */ = {
			isa = XCBuildConfiguration;
			buildSettings = {
				ALWAYS_SEARCH_USER_PATHS = NO;
				ASSETCATALOG_COMPILER_GENERATE_SWIFT_ASSET_SYMBOL_EXTENSIONS = YES;
				CLANG_ANALYZER_NONNULL = YES;
				CLANG_ANALYZER_NUMBER_OBJECT_CONVERSION = YES_AGGRESSIVE;
				CLANG_CXX_LANGUAGE_STANDARD = "gnu++20";
				CLANG_ENABLE_MODULES = YES;
				CLANG_ENABLE_OBJC_ARC = YES;
				CLANG_ENABLE_OBJC_WEAK = YES;
				CLANG_WARN_BLOCK_CAPTURE_AUTORELEASING = YES;
				CLANG_WARN_BOOL_CONVERSION = YES;
				CLANG_WARN_COMMA = YES;
				CLANG_WARN_CONSTANT_CONVERSION = YES;
				CLANG_WARN_DEPRECATED_OBJC_IMPLEMENTATIONS = YES;
				CLANG_WARN_DIRECT_OBJC_ISA_USAGE = YES_ERROR;
				CLANG_WARN_DOCUMENTATION_COMMENTS = YES;
				CLANG_WARN_EMPTY_BODY = YES;
				CLANG_WARN_ENUM_CONVERSION = YES;
				CLANG_WARN_INFINITE_RECURSION = YES;
				CLANG_WARN_INT_CONVERSION = YES;
				CLANG_WARN_NON_LITERAL_NULL_CONVERSION = YES;
				CLANG_WARN_OBJC_IMPLICIT_RETAIN_SELF = YES;
				CLANG_WARN_OBJC_LITERAL_CONVERSION = YES;
				CLANG_WARN_OBJC_ROOT_CLASS = YES_ERROR;
				CLANG_WARN_QUOTED_INCLUDE_IN_FRAMEWORK_HEADER = YES;
				CLANG_WARN_RANGE_LOOP_ANALYSIS = YES;
				CLANG_WARN_STRICT_PROTOTYPES = YES;
				CLANG_WARN_SUSPICIOUS_MOVE = YES;
				CLANG_WARN_UNGUARDED_AVAILABILITY = YES_AGGRESSIVE;
				CLANG_WARN_UNREACHABLE_CODE = YES;
				CLANG_WARN__DUPLICATE_METHOD_MATCH = YES;
				COPY_PHASE_STRIP = NO;
				DEBUG_INFORMATION_FORMAT = dwarf;
				ENABLE_STRICT_OBJC_MSGSEND = YES;
				ENABLE_TESTABILITY = YES;
				ENABLE_USER_SCRIPT_SANDBOXING = YES;
				GCC_C_LANGUAGE_STANDARD = gnu17;
				GCC_DYNAMIC_NO_PIC = NO;
				GCC_NO_COMMON_BLOCKS = YES;
				GCC_OPTIMIZATION_LEVEL = 0;
				GCC_PREPROCESSOR_DEFINITIONS = (
					"DEBUG=1",
					"$(inherited)",
				);
				GCC_WARN_64_TO_32_BIT_CONVERSION = YES;
				GCC_WARN_ABOUT_RETURN_TYPE = YES_ERROR;
				GCC_WARN_UNDECLARED_SELECTOR = YES;
				GCC_WARN_UNINITIALIZED_AUTOS = YES_AGGRESSIVE;
				GCC_WARN_UNUSED_FUNCTION = YES;
				GCC_WARN_UNUSED_VARIABLE = YES;
				IPHONEOS_DEPLOYMENT_TARGET = 13;
				LOCALIZATION_PREFERS_STRING_CATALOGS = YES;
				MTL_ENABLE_DEBUG_INFO = INCLUDE_SOURCE;
				MTL_FAST_MATH = YES;
				ONLY_ACTIVE_ARCH = YES;
				SDKROOT = iphoneos;
				SWIFT_ACTIVE_COMPILATION_CONDITIONS = "DEBUG $(inherited)";
				SWIFT_OPTIMIZATION_LEVEL = "-Onone";
			};
			name = Debug;
		};
		B06936202BF86FA200BDC7A5 /* Release */ = {
			isa = XCBuildConfiguration;
			buildSettings = {
				ALWAYS_SEARCH_USER_PATHS = NO;
				ASSETCATALOG_COMPILER_GENERATE_SWIFT_ASSET_SYMBOL_EXTENSIONS = YES;
				CLANG_ANALYZER_NONNULL = YES;
				CLANG_ANALYZER_NUMBER_OBJECT_CONVERSION = YES_AGGRESSIVE;
				CLANG_CXX_LANGUAGE_STANDARD = "gnu++20";
				CLANG_ENABLE_MODULES = YES;
				CLANG_ENABLE_OBJC_ARC = YES;
				CLANG_ENABLE_OBJC_WEAK = YES;
				CLANG_WARN_BLOCK_CAPTURE_AUTORELEASING = YES;
				CLANG_WARN_BOOL_CONVERSION = YES;
				CLANG_WARN_COMMA = YES;
				CLANG_WARN_CONSTANT_CONVERSION = YES;
				CLANG_WARN_DEPRECATED_OBJC_IMPLEMENTATIONS = YES;
				CLANG_WARN_DIRECT_OBJC_ISA_USAGE = YES_ERROR;
				CLANG_WARN_DOCUMENTATION_COMMENTS = YES;
				CLANG_WARN_EMPTY_BODY = YES;
				CLANG_WARN_ENUM_CONVERSION = YES;
				CLANG_WARN_INFINITE_RECURSION = YES;
				CLANG_WARN_INT_CONVERSION = YES;
				CLANG_WARN_NON_LITERAL_NULL_CONVERSION = YES;
				CLANG_WARN_OBJC_IMPLICIT_RETAIN_SELF = YES;
				CLANG_WARN_OBJC_LITERAL_CONVERSION = YES;
				CLANG_WARN_OBJC_ROOT_CLASS = YES_ERROR;
				CLANG_WARN_QUOTED_INCLUDE_IN_FRAMEWORK_HEADER = YES;
				CLANG_WARN_RANGE_LOOP_ANALYSIS = YES;
				CLANG_WARN_STRICT_PROTOTYPES = YES;
				CLANG_WARN_SUSPICIOUS_MOVE = YES;
				CLANG_WARN_UNGUARDED_AVAILABILITY = YES_AGGRESSIVE;
				CLANG_WARN_UNREACHABLE_CODE = YES;
				CLANG_WARN__DUPLICATE_METHOD_MATCH = YES;
				COPY_PHASE_STRIP = NO;
				DEBUG_INFORMATION_FORMAT = "dwarf-with-dsym";
				ENABLE_NS_ASSERTIONS = NO;
				ENABLE_STRICT_OBJC_MSGSEND = YES;
				ENABLE_USER_SCRIPT_SANDBOXING = YES;
				GCC_C_LANGUAGE_STANDARD = gnu17;
				GCC_NO_COMMON_BLOCKS = YES;
				GCC_WARN_64_TO_32_BIT_CONVERSION = YES;
				GCC_WARN_ABOUT_RETURN_TYPE = YES_ERROR;
				GCC_WARN_UNDECLARED_SELECTOR = YES;
				GCC_WARN_UNINITIALIZED_AUTOS = YES_AGGRESSIVE;
				GCC_WARN_UNUSED_FUNCTION = YES;
				GCC_WARN_UNUSED_VARIABLE = YES;
				IPHONEOS_DEPLOYMENT_TARGET = 13;
				LOCALIZATION_PREFERS_STRING_CATALOGS = YES;
				MTL_ENABLE_DEBUG_INFO = NO;
				MTL_FAST_MATH = YES;
				SDKROOT = iphoneos;
				SWIFT_COMPILATION_MODE = wholemodule;
				VALIDATE_PRODUCT = YES;
			};
			name = Release;
		};
		B06936222BF86FA200BDC7A5 /* Debug */ = {
			isa = XCBuildConfiguration;
			buildSettings = {
				ASSETCATALOG_COMPILER_APPICON_NAME = AppIcon;
				ASSETCATALOG_COMPILER_GLOBAL_ACCENT_COLOR_NAME = AccentColor;
				CODE_SIGN_STYLE = Automatic;
				CURRENT_PROJECT_VERSION = 1;
				DEVELOPMENT_TEAM = 6ZB4DDC86D;
				GENERATE_INFOPLIST_FILE = YES;
				INFOPLIST_FILE = UserDefaultsShowCase/Info.plist;
				INFOPLIST_KEY_CFBundleDisplayName = TestApp;
				INFOPLIST_KEY_UIApplicationSupportsIndirectInputEvents = YES;
				INFOPLIST_KEY_UILaunchStoryboardName = LaunchScreen;
				INFOPLIST_KEY_UIMainStoryboardFile = "";
				INFOPLIST_KEY_UISupportedInterfaceOrientations_iPad = "UIInterfaceOrientationPortrait UIInterfaceOrientationPortraitUpsideDown UIInterfaceOrientationLandscapeLeft UIInterfaceOrientationLandscapeRight";
				INFOPLIST_KEY_UISupportedInterfaceOrientations_iPhone = "UIInterfaceOrientationPortrait UIInterfaceOrientationLandscapeLeft UIInterfaceOrientationLandscapeRight";
				LD_RUNPATH_SEARCH_PATHS = (
					"$(inherited)",
					"@executable_path/Frameworks",
				);
				MARKETING_VERSION = 1.0;
				PRODUCT_BUNDLE_IDENTIFIER = aldiyar.dev.UserDefaultsShowCase;
				PRODUCT_NAME = "$(TARGET_NAME)";
				SWIFT_EMIT_LOC_STRINGS = YES;
				SWIFT_VERSION = 5.0;
				TARGETED_DEVICE_FAMILY = "1,2";
			};
			name = Debug;
		};
		B06936232BF86FA200BDC7A5 /* Release */ = {
			isa = XCBuildConfiguration;
			buildSettings = {
				ASSETCATALOG_COMPILER_APPICON_NAME = AppIcon;
				ASSETCATALOG_COMPILER_GLOBAL_ACCENT_COLOR_NAME = AccentColor;
				CODE_SIGN_STYLE = Automatic;
				CURRENT_PROJECT_VERSION = 1;
				DEVELOPMENT_TEAM = 6ZB4DDC86D;
				GENERATE_INFOPLIST_FILE = YES;
				INFOPLIST_FILE = UserDefaultsShowCase/Info.plist;
				INFOPLIST_KEY_CFBundleDisplayName = TestApp;
				INFOPLIST_KEY_UIApplicationSupportsIndirectInputEvents = YES;
				INFOPLIST_KEY_UILaunchStoryboardName = LaunchScreen;
				INFOPLIST_KEY_UIMainStoryboardFile = "";
				INFOPLIST_KEY_UISupportedInterfaceOrientations_iPad = "UIInterfaceOrientationPortrait UIInterfaceOrientationPortraitUpsideDown UIInterfaceOrientationLandscapeLeft UIInterfaceOrientationLandscapeRight";
				INFOPLIST_KEY_UISupportedInterfaceOrientations_iPhone = "UIInterfaceOrientationPortrait UIInterfaceOrientationLandscapeLeft UIInterfaceOrientationLandscapeRight";
				LD_RUNPATH_SEARCH_PATHS = (
					"$(inherited)",
					"@executable_path/Frameworks",
				);
				MARKETING_VERSION = 1.0;
				PRODUCT_BUNDLE_IDENTIFIER = aldiyar.dev.UserDefaultsShowCase;
				PRODUCT_NAME = "$(TARGET_NAME)";
				SWIFT_EMIT_LOC_STRINGS = YES;
				SWIFT_VERSION = 5.0;
				TARGETED_DEVICE_FAMILY = "1,2";
			};
			name = Release;
		};
/* End XCBuildConfiguration section */

/* Begin XCConfigurationList section */
		B06936082BF86FA100BDC7A5 /* Build configuration list for PBXProject "UserDefaultsShowCase" */ = {
			isa = XCConfigurationList;
			buildConfigurations = (
				B069361F2BF86FA200BDC7A5 /* Debug */,
				B06936202BF86FA200BDC7A5 /* Release */,
			);
			defaultConfigurationIsVisible = 0;
			defaultConfigurationName = Release;
		};
		B06936212BF86FA200BDC7A5 /* Build configuration list for PBXNativeTarget "UserDefaultsShowCase" */ = {
			isa = XCConfigurationList;
			buildConfigurations = (
				B06936222BF86FA200BDC7A5 /* Debug */,
				B06936232BF86FA200BDC7A5 /* Release */,
			);
			defaultConfigurationIsVisible = 0;
			defaultConfigurationName = Release;
		};
/* End XCConfigurationList section */

/* Begin XCRemoteSwiftPackageReference section */
		B06936242BF8711200BDC7A5 /* XCRemoteSwiftPackageReference "SnapKit" */ = {
			isa = XCRemoteSwiftPackageReference;
			repositoryURL = "https://github.com/SnapKit/SnapKit.git";
			requirement = {
				kind = upToNextMajorVersion;
				minimumVersion = 5.7.1;
			};
		};
		B0C03B142BFBAEBF00459F9B /* XCRemoteSwiftPackageReference "firebase-ios-sdk" */ = {
			isa = XCRemoteSwiftPackageReference;
			repositoryURL = "https://github.com/firebase/firebase-ios-sdk";
			requirement = {
				kind = upToNextMajorVersion;
				minimumVersion = 10.26.0;
			};
		};
/* End XCRemoteSwiftPackageReference section */

/* Begin XCSwiftPackageProductDependency section */
		B06936252BF8711200BDC7A5 /* SnapKit */ = {
			isa = XCSwiftPackageProductDependency;
			package = B06936242BF8711200BDC7A5 /* XCRemoteSwiftPackageReference "SnapKit" */;
			productName = SnapKit;
		};
		B0C03B152BFBAEBF00459F9B /* FirebaseAnalytics */ = {
			isa = XCSwiftPackageProductDependency;
			package = B0C03B142BFBAEBF00459F9B /* XCRemoteSwiftPackageReference "firebase-ios-sdk" */;
			productName = FirebaseAnalytics;
		};
		B0C03B172BFBAEBF00459F9B /* FirebaseAnalyticsOnDeviceConversion */ = {
			isa = XCSwiftPackageProductDependency;
			package = B0C03B142BFBAEBF00459F9B /* XCRemoteSwiftPackageReference "firebase-ios-sdk" */;
			productName = FirebaseAnalyticsOnDeviceConversion;
		};
		B0C03B192BFBAEBF00459F9B /* FirebaseAnalyticsSwift */ = {
			isa = XCSwiftPackageProductDependency;
			package = B0C03B142BFBAEBF00459F9B /* XCRemoteSwiftPackageReference "firebase-ios-sdk" */;
			productName = FirebaseAnalyticsSwift;
		};
		B0C03B1B2BFBAEBF00459F9B /* FirebaseAnalyticsWithoutAdIdSupport */ = {
			isa = XCSwiftPackageProductDependency;
			package = B0C03B142BFBAEBF00459F9B /* XCRemoteSwiftPackageReference "firebase-ios-sdk" */;
			productName = FirebaseAnalyticsWithoutAdIdSupport;
		};
		B0C03B1D2BFBAEBF00459F9B /* FirebaseAppCheck */ = {
			isa = XCSwiftPackageProductDependency;
			package = B0C03B142BFBAEBF00459F9B /* XCRemoteSwiftPackageReference "firebase-ios-sdk" */;
			productName = FirebaseAppCheck;
		};
/* End XCSwiftPackageProductDependency section */
	};
	rootObject = B06936052BF86FA100BDC7A5 /* Project object */;
}
